// !$*UTF8*$!
{
	archiveVersion = 1;
	classes = {
	};
	objectVersion = 56;
	objects = {

/* Begin PBXBuildFile section */
		0935DAF92970696B00F234CF /* MainPage.swift in Sources */ = {isa = PBXBuildFile; fileRef = 0935DAF82970696B00F234CF /* MainPage.swift */; };
		0935DAFB29706B4C00F234CF /* Categories.swift in Sources */ = {isa = PBXBuildFile; fileRef = 0935DAFA29706B4C00F234CF /* Categories.swift */; };
		0935DAFD297070B800F234CF /* SanaÖzel.swift in Sources */ = {isa = PBXBuildFile; fileRef = 0935DAFC297070B800F234CF /* SanaÖzel.swift */; };
		0935DAFF2970777000F234CF /* Cicek.swift in Sources */ = {isa = PBXBuildFile; fileRef = 0935DAFE2970777000F234CF /* Cicek.swift */; };
		0935DB01297078B800F234CF /* Profile.swift in Sources */ = {isa = PBXBuildFile; fileRef = 0935DB00297078B800F234CF /* Profile.swift */; };
		09AB07FA297007D300555DAD /* ExApp.swift in Sources */ = {isa = PBXBuildFile; fileRef = 09AB07F9297007D300555DAD /* ExApp.swift */; };
		09AB07FC297007D300555DAD /* ContentView.swift in Sources */ = {isa = PBXBuildFile; fileRef = 09AB07FB297007D300555DAD /* ContentView.swift */; };
		09AB07FE297007D600555DAD /* Assets.xcassets in Resources */ = {isa = PBXBuildFile; fileRef = 09AB07FD297007D600555DAD /* Assets.xcassets */; };
		09AB0801297007D600555DAD /* Preview Assets.xcassets in Resources */ = {isa = PBXBuildFile; fileRef = 09AB0800297007D600555DAD /* Preview Assets.xcassets */; };
/* End PBXBuildFile section */

/* Begin PBXFileReference section */
		0935DAF82970696B00F234CF /* MainPage.swift */ = {isa = PBXFileReference; lastKnownFileType = sourcecode.swift; path = MainPage.swift; sourceTree = "<group>"; };
		0935DAFA29706B4C00F234CF /* Categories.swift */ = {isa = PBXFileReference; lastKnownFileType = sourcecode.swift; path = Categories.swift; sourceTree = "<group>"; };
		0935DAFC297070B800F234CF /* SanaÖzel.swift */ = {isa = PBXFileReference; lastKnownFileType = sourcecode.swift; path = "SanaÖzel.swift"; sourceTree = "<group>"; };
		0935DAFE2970777000F234CF /* Cicek.swift */ = {isa = PBXFileReference; lastKnownFileType = sourcecode.swift; path = Cicek.swift; sourceTree = "<group>"; };
		0935DB00297078B800F234CF /* Profile.swift */ = {isa = PBXFileReference; lastKnownFileType = sourcecode.swift; path = Profile.swift; sourceTree = "<group>"; };
		09AB07F6297007D200555DAD /* Ex.app */ = {isa = PBXFileReference; explicitFileType = wrapper.application; includeInIndex = 0; path = Ex.app; sourceTree = BUILT_PRODUCTS_DIR; };
		09AB07F9297007D300555DAD /* ExApp.swift */ = {isa = PBXFileReference; lastKnownFileType = sourcecode.swift; path = ExApp.swift; sourceTree = "<group>"; };
		09AB07FB297007D300555DAD /* ContentView.swift */ = {isa = PBXFileReference; lastKnownFileType = sourcecode.swift; path = ContentView.swift; sourceTree = "<group>"; };
		09AB07FD297007D600555DAD /* Assets.xcassets */ = {isa = PBXFileReference; lastKnownFileType = folder.assetcatalog; path = Assets.xcassets; sourceTree = "<group>"; };
		09AB0800297007D600555DAD /* Preview Assets.xcassets */ = {isa = PBXFileReference; lastKnownFileType = folder.assetcatalog; path = "Preview Assets.xcassets"; sourceTree = "<group>"; };
/* End PBXFileReference section */

/* Begin PBXFrameworksBuildPhase section */
		09AB07F3297007D200555DAD /* Frameworks */ = {
			isa = PBXFrameworksBuildPhase;
			buildActionMask = 2147483647;
			files = (
			);
			runOnlyForDeploymentPostprocessing = 0;
		};
/* End PBXFrameworksBuildPhase section */

/* Begin PBXGroup section */
		09AB07ED297007D200555DAD = {
			isa = PBXGroup;
			children = (
				09AB07F8297007D200555DAD /* Ex */,
				09AB07F7297007D200555DAD /* Products */,
			);
			sourceTree = "<group>";
		};
		09AB07F7297007D200555DAD /* Products */ = {
			isa = PBXGroup;
			children = (
				09AB07F6297007D200555DAD /* Ex.app */,
			);
			name = Products;
			sourceTree = "<group>";
		};
		09AB07F8297007D200555DAD /* Ex */ = {
			isa = PBXGroup;
			children = (
				09AB07F9297007D300555DAD /* ExApp.swift */,
				09AB07FB297007D300555DAD /* ContentView.swift */,
				0935DAF82970696B00F234CF /* MainPage.swift */,
				0935DAFA29706B4C00F234CF /* Categories.swift */,
				0935DAFC297070B800F234CF /* SanaÖzel.swift */,
				0935DAFE2970777000F234CF /* Cicek.swift */,
				0935DB00297078B800F234CF /* Profile.swift */,
				09AB07FD297007D600555DAD /* Assets.xcassets */,
				09AB07FF297007D600555DAD /* Preview Content */,
			);
			path = Ex;
			sourceTree = "<group>";
		};
		09AB07FF297007D600555DAD /* Preview Content */ = {
			isa = PBXGroup;
			children = (
				09AB0800297007D600555DAD /* Preview Assets.xcassets */,
			);
			path = "Preview Content";
			sourceTree = "<group>";
		};
/* End PBXGroup section */

/* Begin PBXNativeTarget section */
		09AB07F5297007D200555DAD /* Ex */ = {
			isa = PBXNativeTarget;
			buildConfigurationList = 09AB0804297007D600555DAD /* Build configuration list for PBXNativeTarget "Ex" */;
			buildPhases = (
				09AB07F2297007D200555DAD /* Sources */,
				09AB07F3297007D200555DAD /* Frameworks */,
				09AB07F4297007D200555DAD /* Resources */,
			);
			buildRules = (
			);
			dependencies = (
			);
			name = Ex;
			productName = Ex;
			productReference = 09AB07F6297007D200555DAD /* Ex.app */;
			productType = "com.apple.product-type.application";
		};
/* End PBXNativeTarget section */

/* Begin PBXProject section */
		09AB07EE297007D200555DAD /* Project object */ = {
			isa = PBXProject;
			attributes = {
				BuildIndependentTargetsInParallel = 1;
				LastSwiftUpdateCheck = 1420;
				LastUpgradeCheck = 1420;
				TargetAttributes = {
					09AB07F5297007D200555DAD = {
						CreatedOnToolsVersion = 14.2;
					};
				};
			};
			buildConfigurationList = 09AB07F1297007D200555DAD /* Build configuration list for PBXProject "Ex" */;
			compatibilityVersion = "Xcode 14.0";
			developmentRegion = en;
			hasScannedForEncodings = 0;
			knownRegions = (
				en,
				Base,
			);
			mainGroup = 09AB07ED297007D200555DAD;
			productRefGroup = 09AB07F7297007D200555DAD /* Products */;
			projectDirPath = "";
			projectRoot = "";
			targets = (
				09AB07F5297007D200555DAD /* Ex */,
			);
		};
/* End PBXProject section */

/* Begin PBXResourcesBuildPhase section */
		09AB07F4297007D200555DAD /* Resources */ = {
			isa = PBXResourcesBuildPhase;
			buildActionMask = 2147483647;
			files = (
				09AB0801297007D600555DAD /* Preview Assets.xcassets in Resources */,
				09AB07FE297007D600555DAD /* Assets.xcassets in Resources */,
			);
			runOnlyForDeploymentPostprocessing = 0;
		};
/* End PBXResourcesBuildPhase section */

/* Begin PBXSourcesBuildPhase section */
		09AB07F2297007D200555DAD /* Sources */ = {
			isa = PBXSourcesBuildPhase;
			buildActionMask = 2147483647;
			files = (
				09AB07FC297007D300555DAD /* ContentView.swift in Sources */,
				0935DAFF2970777000F234CF /* Cicek.swift in Sources */,
				0935DAFB29706B4C00F234CF /* Categories.swift in Sources */,
				0935DB01297078B800F234CF /* Profile.swift in Sources */,
				09AB07FA297007D300555DAD /* ExApp.swift in Sources */,
				0935DAFD297070B800F234CF /* SanaÖzel.swift in Sources */,
				0935DAF92970696B00F234CF /* MainPage.swift in Sources */,
			);
			runOnlyForDeploymentPostprocessing = 0;
		};
/* End PBXSourcesBuildPhase section */

/* Begin XCBuildConfiguration section */
		09AB0802297007D600555DAD /* Debug */ = {
			isa = XCBuildConfiguration;
			buildSettings = {
				ALWAYS_SEARCH_USER_PATHS = NO;
				CLANG_ANALYZER_NONNULL = YES;
				CLANG_ANALYZER_NUMBER_OBJECT_CONVERSION = YES_AGGRESSIVE;
				CLANG_CXX_LANGUAGE_STANDARD = "gnu++20";
				CLANG_ENABLE_MODULES = YES;
				CLANG_ENABLE_OBJC_ARC = YES;
				CLANG_ENABLE_OBJC_WEAK = YES;
				CLANG_WARN_BLOCK_CAPTURE_AUTORELEASING = YES;
				CLANG_WARN_BOOL_CONVERSION = YES;
				CLANG_WARN_COMMA = YES;
				CLANG_WARN_CONSTANT_CONVERSION = YES;
				CLANG_WARN_DEPRECATED_OBJC_IMPLEMENTATIONS = YES;
				CLANG_WARN_DIRECT_OBJC_ISA_USAGE = YES_ERROR;
				CLANG_WARN_DOCUMENTATION_COMMENTS = YES;
				CLANG_WARN_EMPTY_BODY = YES;
				CLANG_WARN_ENUM_CONVERSION = YES;
				CLANG_WARN_INFINITE_RECURSION = YES;
				CLANG_WARN_INT_CONVERSION = YES;
				CLANG_WARN_NON_LITERAL_NULL_CONVERSION = YES;
				CLANG_WARN_OBJC_IMPLICIT_RETAIN_SELF = YES;
				CLANG_WARN_OBJC_LITERAL_CONVERSION = YES;
				CLANG_WARN_OBJC_ROOT_CLASS = YES_ERROR;
				CLANG_WARN_QUOTED_INCLUDE_IN_FRAMEWORK_HEADER = YES;
				CLANG_WARN_RANGE_LOOP_ANALYSIS = YES;
				CLANG_WARN_STRICT_PROTOTYPES = YES;
				CLANG_WARN_SUSPICIOUS_MOVE = YES;
				CLANG_WARN_UNGUARDED_AVAILABILITY = YES_AGGRESSIVE;
				CLANG_WARN_UNREACHABLE_CODE = YES;
				CLANG_WARN__DUPLICATE_METHOD_MATCH = YES;
				COPY_PHASE_STRIP = NO;
				DEBUG_INFORMATION_FORMAT = dwarf;
				ENABLE_STRICT_OBJC_MSGSEND = YES;
				ENABLE_TESTABILITY = YES;
				GCC_C_LANGUAGE_STANDARD = gnu11;
				GCC_DYNAMIC_NO_PIC = NO;
				GCC_NO_COMMON_BLOCKS = YES;
				GCC_OPTIMIZATION_LEVEL = 0;
				GCC_PREPROCESSOR_DEFINITIONS = (
					"DEBUG=1",
					"$(inherited)",
				);
				GCC_WARN_64_TO_32_BIT_CONVERSION = YES;
				GCC_WARN_ABOUT_RETURN_TYPE = YES_ERROR;
				GCC_WARN_UNDECLARED_SELECTOR = YES;
				GCC_WARN_UNINITIALIZED_AUTOS = YES_AGGRESSIVE;
				GCC_WARN_UNUSED_FUNCTION = YES;
				GCC_WARN_UNUSED_VARIABLE = YES;
				IPHONEOS_DEPLOYMENT_TARGET = 16.2;
				MTL_ENABLE_DEBUG_INFO = INCLUDE_SOURCE;
				MTL_FAST_MATH = YES;
				ONLY_ACTIVE_ARCH = YES;
				SDKROOT = iphoneos;
				SWIFT_ACTIVE_COMPILATION_CONDITIONS = DEBUG;
				SWIFT_OPTIMIZATION_LEVEL = "-Onone";
			};
			name = Debug;
		};
		09AB0803297007D600555DAD /* Release */ = {
			isa = XCBuildConfiguration;
			buildSettings = {
				ALWAYS_SEARCH_USER_PATHS = NO;
				CLANG_ANALYZER_NONNULL = YES;
				CLANG_ANALYZER_NUMBER_OBJECT_CONVERSION = YES_AGGRESSIVE;
				CLANG_CXX_LANGUAGE_STANDARD = "gnu++20";
				CLANG_ENABLE_MODULES = YES;
				CLANG_ENABLE_OBJC_ARC = YES;
				CLANG_ENABLE_OBJC_WEAK = YES;
				CLANG_WARN_BLOCK_CAPTURE_AUTORELEASING = YES;
				CLANG_WARN_BOOL_CONVERSION = YES;
				CLANG_WARN_COMMA = YES;
				CLANG_WARN_CONSTANT_CONVERSION = YES;
				CLANG_WARN_DEPRECATED_OBJC_IMPLEMENTATIONS = YES;
				CLANG_WARN_DIRECT_OBJC_ISA_USAGE = YES_ERROR;
				CLANG_WARN_DOCUMENTATION_COMMENTS = YES;
				CLANG_WARN_EMPTY_BODY = YES;
				CLANG_WARN_ENUM_CONVERSION = YES;
				CLANG_WARN_INFINITE_RECURSION = YES;
				CLANG_WARN_INT_CONVERSION = YES;
				CLANG_WARN_NON_LITERAL_NULL_CONVERSION = YES;
				CLANG_WARN_OBJC_IMPLICIT_RETAIN_SELF = YES;
				CLANG_WARN_OBJC_LITERAL_CONVERSION = YES;
				CLANG_WARN_OBJC_ROOT_CLASS = YES_ERROR;
				CLANG_WARN_QUOTED_INCLUDE_IN_FRAMEWORK_HEADER = YES;
				CLANG_WARN_RANGE_LOOP_ANALYSIS = YES;
				CLANG_WARN_STRICT_PROTOTYPES = YES;
				CLANG_WARN_SUSPICIOUS_MOVE = YES;
				CLANG_WARN_UNGUARDED_AVAILABILITY = YES_AGGRESSIVE;
				CLANG_WARN_UNREACHABLE_CODE = YES;
				CLANG_WARN__DUPLICATE_METHOD_MATCH = YES;
				COPY_PHASE_STRIP = NO;
				DEBUG_INFORMATION_FORMAT = "dwarf-with-dsym";
				ENABLE_NS_ASSERTIONS = NO;
				ENABLE_STRICT_OBJC_MSGSEND = YES;
				GCC_C_LANGUAGE_STANDARD = gnu11;
				GCC_NO_COMMON_BLOCKS = YES;
				GCC_WARN_64_TO_32_BIT_CONVERSION = YES;
				GCC_WARN_ABOUT_RETURN_TYPE = YES_ERROR;
				GCC_WARN_UNDECLARED_SELECTOR = YES;
				GCC_WARN_UNINITIALIZED_AUTOS = YES_AGGRESSIVE;
				GCC_WARN_UNUSED_FUNCTION = YES;
				GCC_WARN_UNUSED_VARIABLE = YES;
				IPHONEOS_DEPLOYMENT_TARGET = 16.2;
				MTL_ENABLE_DEBUG_INFO = NO;
				MTL_FAST_MATH = YES;
				SDKROOT = iphoneos;
				SWIFT_COMPILATION_MODE = wholemodule;
				SWIFT_OPTIMIZATION_LEVEL = "-O";
				VALIDATE_PRODUCT = YES;
			};
			name = Release;
		};
		09AB0805297007D600555DAD /* Debug */ = {
			isa = XCBuildConfiguration;
			buildSettings = {
				ASSETCATALOG_COMPILER_APPICON_NAME = AppIcon;
				ASSETCATALOG_COMPILER_GLOBAL_ACCENT_COLOR_NAME = AccentColor;
				CODE_SIGN_STYLE = Automatic;
				CURRENT_PROJECT_VERSION = 1;
				DEVELOPMENT_ASSET_PATHS = "\"Ex/Preview Content\"";
				DEVELOPMENT_TEAM = 5BZ6343QNY;
				ENABLE_PREVIEWS = YES;
				GENERATE_INFOPLIST_FILE = YES;
				INFOPLIST_KEY_UIApplicationSceneManifest_Generation = YES;
				INFOPLIST_KEY_UIApplicationSupportsIndirectInputEvents = YES;
				INFOPLIST_KEY_UILaunchScreen_Generation = YES;
				INFOPLIST_KEY_UISupportedInterfaceOrientations_iPad = "UIInterfaceOrientationPortrait UIInterfaceOrientationPortraitUpsideDown UIInterfaceOrientationLandscapeLeft UIInterfaceOrientationLandscapeRight";
				INFOPLIST_KEY_UISupportedInterfaceOrientations_iPhone = "UIInterfaceOrientationPortrait UIInterfaceOrientationLandscapeLeft UIInterfaceOrientationLandscapeRight";
				LD_RUNPATH_SEARCH_PATHS = (
					"$(inherited)",
					"@executable_path/Frameworks",
				);
				MARKETING_VERSION = 1.0;
				PRODUCT_BUNDLE_IDENTIFIER = com.adnancobanoglu8.Ex;
				PRODUCT_NAME = "$(TARGET_NAME)";
				SWIFT_EMIT_LOC_STRINGS = YES;
				SWIFT_VERSION = 5.0;
				TARGETED_DEVICE_FAMILY = "1,2";
			};
			name = Debug;
		};
		09AB0806297007D600555DAD /* Release */ = {
			isa = XCBuildConfiguration;
			buildSettings = {
				ASSETCATALOG_COMPILER_APPICON_NAME = AppIcon;
				ASSETCATALOG_COMPILER_GLOBAL_ACCENT_COLOR_NAME = AccentColor;
				CODE_SIGN_STYLE = Automatic;
				CURRENT_PROJECT_VERSION = 1;
				DEVELOPMENT_ASSET_PATHS = "\"Ex/Preview Content\"";
				DEVELOPMENT_TEAM = 5BZ6343QNY;
				ENABLE_PREVIEWS = YES;
				GENERATE_INFOPLIST_FILE = YES;
				INFOPLIST_KEY_UIApplicationSceneManifest_Generation = YES;
				INFOPLIST_KEY_UIApplicationSupportsIndirectInputEvents = YES;
				INFOPLIST_KEY_UILaunchScreen_Generation = YES;
				INFOPLIST_KEY_UISupportedInterfaceOrientations_iPad = "UIInterfaceOrientationPortrait UIInterfaceOrientationPortraitUpsideDown UIInterfaceOrientationLandscapeLeft UIInterfaceOrientationLandscapeRight";
				INFOPLIST_KEY_UISupportedInterfaceOrientations_iPhone = "UIInterfaceOrientationPortrait UIInterfaceOrientationLandscapeLeft UIInterfaceOrientationLandscapeRight";
				LD_RUNPATH_SEARCH_PATHS = (
					"$(inherited)",
					"@executable_path/Frameworks",
				);
				MARKETING_VERSION = 1.0;
				PRODUCT_BUNDLE_IDENTIFIER = com.adnancobanoglu8.Ex;
				PRODUCT_NAME = "$(TARGET_NAME)";
				SWIFT_EMIT_LOC_STRINGS = YES;
				SWIFT_VERSION = 5.0;
				TARGETED_DEVICE_FAMILY = "1,2";
			};
			name = Release;
		};
/* End XCBuildConfiguration section */

/* Begin XCConfigurationList section */
		09AB07F1297007D200555DAD /* Build configuration list for PBXProject "Ex" */ = {
			isa = XCConfigurationList;
			buildConfigurations = (
				09AB0802297007D600555DAD /* Debug */,
				09AB0803297007D600555DAD /* Release */,
			);
			defaultConfigurationIsVisible = 0;
			defaultConfigurationName = Release;
		};
		09AB0804297007D600555DAD /* Build configuration list for PBXNativeTarget "Ex" */ = {
			isa = XCConfigurationList;
			buildConfigurations = (
				09AB0805297007D600555DAD /* Debug */,
				09AB0806297007D600555DAD /* Release */,
			);
			defaultConfigurationIsVisible = 0;
			defaultConfigurationName = Release;
		};
/* End XCConfigurationList section */
	};
	rootObject = 09AB07EE297007D200555DAD /* Project object */;
}
